// !$*UTF8*$!
{
	archiveVersion = 1;
	classes = {
	};
	objectVersion = 56;
	objects = {

/* Begin PBXBuildFile section */
		90C3748D2B570D4600C747C9 /* PelotonUnitTests.swift in Sources */ = {isa = PBXBuildFile; fileRef = 90C3748C2B570D4600C747C9 /* PelotonUnitTests.swift */; };
		90C374952B57281000C747C9 /* ContentViewModel.swift in Sources */ = {isa = PBXBuildFile; fileRef = 90C374942B57281000C747C9 /* ContentViewModel.swift */; };
		90C374972B573D0500C747C9 /* ContentAccessibilityIds.swift in Sources */ = {isa = PBXBuildFile; fileRef = 90C374962B573D0500C747C9 /* ContentAccessibilityIds.swift */; };
		F9E547E22AE8980200B58689 /* PelotonAutomationApp.swift in Sources */ = {isa = PBXBuildFile; fileRef = F9E547E12AE8980200B58689 /* PelotonAutomationApp.swift */; };
		F9E547E42AE8980200B58689 /* ContentView.swift in Sources */ = {isa = PBXBuildFile; fileRef = F9E547E32AE8980200B58689 /* ContentView.swift */; };
		F9E547E62AE8980300B58689 /* Assets.xcassets in Resources */ = {isa = PBXBuildFile; fileRef = F9E547E52AE8980300B58689 /* Assets.xcassets */; };
		F9E547E92AE8980300B58689 /* Preview Assets.xcassets in Resources */ = {isa = PBXBuildFile; fileRef = F9E547E82AE8980300B58689 /* Preview Assets.xcassets */; };
		F9E547FD2AE8980300B58689 /* PelotonAutomationUITests.swift in Sources */ = {isa = PBXBuildFile; fileRef = F9E547FC2AE8980300B58689 /* PelotonAutomationUITests.swift */; };
/* End PBXBuildFile section */

/* Begin PBXContainerItemProxy section */
		90C3748E2B570D4600C747C9 /* PBXContainerItemProxy */ = {
			isa = PBXContainerItemProxy;
			containerPortal = F9E547D62AE8980200B58689 /* Project object */;
			proxyType = 1;
			remoteGlobalIDString = F9E547DD2AE8980200B58689;
			remoteInfo = PelotonAutomation;
		};
		F9E547F92AE8980300B58689 /* PBXContainerItemProxy */ = {
			isa = PBXContainerItemProxy;
			containerPortal = F9E547D62AE8980200B58689 /* Project object */;
			proxyType = 1;
			remoteGlobalIDString = F9E547DD2AE8980200B58689;
			remoteInfo = PelotonAutomation;
		};
/* End PBXContainerItemProxy section */

/* Begin PBXFileReference section */
		90C3748A2B570D4600C747C9 /* PelotonUnitTests.xctest */ = {isa = PBXFileReference; explicitFileType = wrapper.cfbundle; includeInIndex = 0; path = PelotonUnitTests.xctest; sourceTree = BUILT_PRODUCTS_DIR; };
		90C3748C2B570D4600C747C9 /* PelotonUnitTests.swift */ = {isa = PBXFileReference; lastKnownFileType = sourcecode.swift; path = PelotonUnitTests.swift; sourceTree = "<group>"; };
		90C374942B57281000C747C9 /* ContentViewModel.swift */ = {isa = PBXFileReference; lastKnownFileType = sourcecode.swift; path = ContentViewModel.swift; sourceTree = "<group>"; };
		90C374962B573D0500C747C9 /* ContentAccessibilityIds.swift */ = {isa = PBXFileReference; lastKnownFileType = sourcecode.swift; path = ContentAccessibilityIds.swift; sourceTree = "<group>"; };
		F993570D2AE950AD006E4860 /* PelotonAutomation.xctestplan */ = {isa = PBXFileReference; lastKnownFileType = text; path = PelotonAutomation.xctestplan; sourceTree = "<group>"; };
		F9E547DE2AE8980200B58689 /* PelotonAutomation.app */ = {isa = PBXFileReference; explicitFileType = wrapper.application; includeInIndex = 0; path = PelotonAutomation.app; sourceTree = BUILT_PRODUCTS_DIR; };
		F9E547E12AE8980200B58689 /* PelotonAutomationApp.swift */ = {isa = PBXFileReference; lastKnownFileType = sourcecode.swift; path = PelotonAutomationApp.swift; sourceTree = "<group>"; };
		F9E547E32AE8980200B58689 /* ContentView.swift */ = {isa = PBXFileReference; lastKnownFileType = sourcecode.swift; path = ContentView.swift; sourceTree = "<group>"; };
		F9E547E52AE8980300B58689 /* Assets.xcassets */ = {isa = PBXFileReference; lastKnownFileType = folder.assetcatalog; path = Assets.xcassets; sourceTree = "<group>"; };
		F9E547E82AE8980300B58689 /* Preview Assets.xcassets */ = {isa = PBXFileReference; lastKnownFileType = folder.assetcatalog; path = "Preview Assets.xcassets"; sourceTree = "<group>"; };
		F9E547F82AE8980300B58689 /* PelotonAutomationUITests.xctest */ = {isa = PBXFileReference; explicitFileType = wrapper.cfbundle; includeInIndex = 0; path = PelotonAutomationUITests.xctest; sourceTree = BUILT_PRODUCTS_DIR; };
		F9E547FC2AE8980300B58689 /* PelotonAutomationUITests.swift */ = {isa = PBXFileReference; lastKnownFileType = sourcecode.swift; path = PelotonAutomationUITests.swift; sourceTree = "<group>"; };
/* End PBXFileReference section */

/* Begin PBXFrameworksBuildPhase section */
		90C374872B570D4600C747C9 /* Frameworks */ = {
			isa = PBXFrameworksBuildPhase;
			buildActionMask = 2147483647;
			files = (
			);
			runOnlyForDeploymentPostprocessing = 0;
		};
		F9E547DB2AE8980200B58689 /* Frameworks */ = {
			isa = PBXFrameworksBuildPhase;
			buildActionMask = 2147483647;
			files = (
			);
			runOnlyForDeploymentPostprocessing = 0;
		};
		F9E547F52AE8980300B58689 /* Frameworks */ = {
			isa = PBXFrameworksBuildPhase;
			buildActionMask = 2147483647;
			files = (
			);
			runOnlyForDeploymentPostprocessing = 0;
		};
/* End PBXFrameworksBuildPhase section */

/* Begin PBXGroup section */
		90C3748B2B570D4600C747C9 /* PelotonUnitTests */ = {
			isa = PBXGroup;
			children = (
				90C3748C2B570D4600C747C9 /* PelotonUnitTests.swift */,
			);
			path = PelotonUnitTests;
			sourceTree = "<group>";
		};
		90C374932B5727F600C747C9 /* MVVM */ = {
			isa = PBXGroup;
			children = (
				F9E547E32AE8980200B58689 /* ContentView.swift */,
				90C374942B57281000C747C9 /* ContentViewModel.swift */,
				90C374962B573D0500C747C9 /* ContentAccessibilityIds.swift */,
			);
			path = MVVM;
			sourceTree = "<group>";
		};
		F9E547D52AE8980200B58689 = {
			isa = PBXGroup;
			children = (
				F993570D2AE950AD006E4860 /* PelotonAutomation.xctestplan */,
				F9E547E02AE8980200B58689 /* PelotonAutomation */,
				F9E547FB2AE8980300B58689 /* PelotonAutomationUITests */,
				90C3748B2B570D4600C747C9 /* PelotonUnitTests */,
				F9E547DF2AE8980200B58689 /* Products */,
			);
			sourceTree = "<group>";
		};
		F9E547DF2AE8980200B58689 /* Products */ = {
			isa = PBXGroup;
			children = (
				F9E547DE2AE8980200B58689 /* PelotonAutomation.app */,
				F9E547F82AE8980300B58689 /* PelotonAutomationUITests.xctest */,
				90C3748A2B570D4600C747C9 /* PelotonUnitTests.xctest */,
			);
			name = Products;
			sourceTree = "<group>";
		};
		F9E547E02AE8980200B58689 /* PelotonAutomation */ = {
			isa = PBXGroup;
			children = (
				90C374932B5727F600C747C9 /* MVVM */,
				F9E547E12AE8980200B58689 /* PelotonAutomationApp.swift */,
				F9E547E52AE8980300B58689 /* Assets.xcassets */,
				F9E547E72AE8980300B58689 /* Preview Content */,
			);
			path = PelotonAutomation;
			sourceTree = "<group>";
		};
		F9E547E72AE8980300B58689 /* Preview Content */ = {
			isa = PBXGroup;
			children = (
				F9E547E82AE8980300B58689 /* Preview Assets.xcassets */,
			);
			path = "Preview Content";
			sourceTree = "<group>";
		};
		F9E547FB2AE8980300B58689 /* PelotonAutomationUITests */ = {
			isa = PBXGroup;
			children = (
				F9E547FC2AE8980300B58689 /* PelotonAutomationUITests.swift */,
			);
			path = PelotonAutomationUITests;
			sourceTree = "<group>";
		};
/* End PBXGroup section */

/* Begin PBXNativeTarget section */
		90C374892B570D4600C747C9 /* PelotonUnitTests */ = {
			isa = PBXNativeTarget;
			buildConfigurationList = 90C374922B570D4600C747C9 /* Build configuration list for PBXNativeTarget "PelotonUnitTests" */;
			buildPhases = (
				90C374862B570D4600C747C9 /* Sources */,
				90C374872B570D4600C747C9 /* Frameworks */,
				90C374882B570D4600C747C9 /* Resources */,
			);
			buildRules = (
			);
			dependencies = (
				90C3748F2B570D4600C747C9 /* PBXTargetDependency */,
			);
			name = PelotonUnitTests;
			productName = PelotonUnitTests;
			productReference = 90C3748A2B570D4600C747C9 /* PelotonUnitTests.xctest */;
			productType = "com.apple.product-type.bundle.unit-test";
		};
		F9E547DD2AE8980200B58689 /* PelotonAutomation */ = {
			isa = PBXNativeTarget;
			buildConfigurationList = F9E548022AE8980300B58689 /* Build configuration list for PBXNativeTarget "PelotonAutomation" */;
			buildPhases = (
				F9E547DA2AE8980200B58689 /* Sources */,
				F9E547DB2AE8980200B58689 /* Frameworks */,
				F9E547DC2AE8980200B58689 /* Resources */,
			);
			buildRules = (
			);
			dependencies = (
			);
			name = PelotonAutomation;
			productName = PelotonAutomation;
			productReference = F9E547DE2AE8980200B58689 /* PelotonAutomation.app */;
			productType = "com.apple.product-type.application";
		};
		F9E547F72AE8980300B58689 /* PelotonAutomationUITests */ = {
			isa = PBXNativeTarget;
			buildConfigurationList = F9E548082AE8980300B58689 /* Build configuration list for PBXNativeTarget "PelotonAutomationUITests" */;
			buildPhases = (
				F9E547F42AE8980300B58689 /* Sources */,
				F9E547F52AE8980300B58689 /* Frameworks */,
				F9E547F62AE8980300B58689 /* Resources */,
			);
			buildRules = (
			);
			dependencies = (
				F9E547FA2AE8980300B58689 /* PBXTargetDependency */,
			);
			name = PelotonAutomationUITests;
			productName = PelotonAutomationUITests;
			productReference = F9E547F82AE8980300B58689 /* PelotonAutomationUITests.xctest */;
			productType = "com.apple.product-type.bundle.ui-testing";
		};
/* End PBXNativeTarget section */

/* Begin PBXProject section */
		F9E547D62AE8980200B58689 /* Project object */ = {
			isa = PBXProject;
			attributes = {
				BuildIndependentTargetsInParallel = 1;
				LastSwiftUpdateCheck = 1510;
				LastUpgradeCheck = 1500;
				TargetAttributes = {
					90C374892B570D4600C747C9 = {
						CreatedOnToolsVersion = 15.1;
						TestTargetID = F9E547DD2AE8980200B58689;
					};
					F9E547DD2AE8980200B58689 = {
						CreatedOnToolsVersion = 15.0.1;
					};
					F9E547F72AE8980300B58689 = {
						CreatedOnToolsVersion = 15.0.1;
						TestTargetID = F9E547DD2AE8980200B58689;
					};
				};
			};
			buildConfigurationList = F9E547D92AE8980200B58689 /* Build configuration list for PBXProject "PelotonAutomation" */;
			compatibilityVersion = "Xcode 14.0";
			developmentRegion = en;
			hasScannedForEncodings = 0;
			knownRegions = (
				en,
				Base,
			);
			mainGroup = F9E547D52AE8980200B58689;
			productRefGroup = F9E547DF2AE8980200B58689 /* Products */;
			projectDirPath = "";
			projectRoot = "";
			targets = (
				F9E547DD2AE8980200B58689 /* PelotonAutomation */,
				F9E547F72AE8980300B58689 /* PelotonAutomationUITests */,
				90C374892B570D4600C747C9 /* PelotonUnitTests */,
			);
		};
/* End PBXProject section */

/* Begin PBXResourcesBuildPhase section */
		90C374882B570D4600C747C9 /* Resources */ = {
			isa = PBXResourcesBuildPhase;
			buildActionMask = 2147483647;
			files = (
			);
			runOnlyForDeploymentPostprocessing = 0;
		};
		F9E547DC2AE8980200B58689 /* Resources */ = {
			isa = PBXResourcesBuildPhase;
			buildActionMask = 2147483647;
			files = (
				F9E547E92AE8980300B58689 /* Preview Assets.xcassets in Resources */,
				F9E547E62AE8980300B58689 /* Assets.xcassets in Resources */,
			);
			runOnlyForDeploymentPostprocessing = 0;
		};
		F9E547F62AE8980300B58689 /* Resources */ = {
			isa = PBXResourcesBuildPhase;
			buildActionMask = 2147483647;
			files = (
			);
			runOnlyForDeploymentPostprocessing = 0;
		};
/* End PBXResourcesBuildPhase section */

/* Begin PBXSourcesBuildPhase section */
		90C374862B570D4600C747C9 /* Sources */ = {
			isa = PBXSourcesBuildPhase;
			buildActionMask = 2147483647;
			files = (
				90C3748D2B570D4600C747C9 /* PelotonUnitTests.swift in Sources */,
			);
			runOnlyForDeploymentPostprocessing = 0;
		};
		F9E547DA2AE8980200B58689 /* Sources */ = {
			isa = PBXSourcesBuildPhase;
			buildActionMask = 2147483647;
			files = (
				F9E547E42AE8980200B58689 /* ContentView.swift in Sources */,
				90C374972B573D0500C747C9 /* ContentAccessibilityIds.swift in Sources */,
				90C374952B57281000C747C9 /* ContentViewModel.swift in Sources */,
				F9E547E22AE8980200B58689 /* PelotonAutomationApp.swift in Sources */,
			);
			runOnlyForDeploymentPostprocessing = 0;
		};
		F9E547F42AE8980300B58689 /* Sources */ = {
			isa = PBXSourcesBuildPhase;
			buildActionMask = 2147483647;
			files = (
				F9E547FD2AE8980300B58689 /* PelotonAutomationUITests.swift in Sources */,
			);
			runOnlyForDeploymentPostprocessing = 0;
		};
/* End PBXSourcesBuildPhase section */

/* Begin PBXTargetDependency section */
		90C3748F2B570D4600C747C9 /* PBXTargetDependency */ = {
			isa = PBXTargetDependency;
			target = F9E547DD2AE8980200B58689 /* PelotonAutomation */;
			targetProxy = 90C3748E2B570D4600C747C9 /* PBXContainerItemProxy */;
		};
		F9E547FA2AE8980300B58689 /* PBXTargetDependency */ = {
			isa = PBXTargetDependency;
			target = F9E547DD2AE8980200B58689 /* PelotonAutomation */;
			targetProxy = F9E547F92AE8980300B58689 /* PBXContainerItemProxy */;
		};
/* End PBXTargetDependency section */

/* Begin XCBuildConfiguration section */
		90C374902B570D4600C747C9 /* Debug */ = {
			isa = XCBuildConfiguration;
			buildSettings = {
				BUNDLE_LOADER = "$(TEST_HOST)";
				CODE_SIGN_STYLE = Automatic;
				CURRENT_PROJECT_VERSION = 1;
				DEVELOPMENT_TEAM = 86SPM8YQ9K;
				GENERATE_INFOPLIST_FILE = YES;
				IPHONEOS_DEPLOYMENT_TARGET = 17.2;
				MARKETING_VERSION = 1.0;
				PRODUCT_BUNDLE_IDENTIFIER = onepeloton.PelotonUnitTests;
				PRODUCT_NAME = "$(TARGET_NAME)";
				SWIFT_EMIT_LOC_STRINGS = NO;
				SWIFT_VERSION = 5.0;
				TARGETED_DEVICE_FAMILY = "1,2";
				TEST_HOST = "$(BUILT_PRODUCTS_DIR)/PelotonAutomation.app/$(BUNDLE_EXECUTABLE_FOLDER_PATH)/PelotonAutomation";
			};
			name = Debug;
		};
		90C374912B570D4600C747C9 /* Release */ = {
			isa = XCBuildConfiguration;
			buildSettings = {
				BUNDLE_LOADER = "$(TEST_HOST)";
				CODE_SIGN_STYLE = Automatic;
				CURRENT_PROJECT_VERSION = 1;
				DEVELOPMENT_TEAM = 86SPM8YQ9K;
				GENERATE_INFOPLIST_FILE = YES;
				IPHONEOS_DEPLOYMENT_TARGET = 17.2;
				MARKETING_VERSION = 1.0;
				PRODUCT_BUNDLE_IDENTIFIER = onepeloton.PelotonUnitTests;
				PRODUCT_NAME = "$(TARGET_NAME)";
				SWIFT_EMIT_LOC_STRINGS = NO;
				SWIFT_VERSION = 5.0;
				TARGETED_DEVICE_FAMILY = "1,2";
				TEST_HOST = "$(BUILT_PRODUCTS_DIR)/PelotonAutomation.app/$(BUNDLE_EXECUTABLE_FOLDER_PATH)/PelotonAutomation";
			};
			name = Release;
		};
		F9E548002AE8980300B58689 /* Debug */ = {
			isa = XCBuildConfiguration;
			buildSettings = {
				ALWAYS_SEARCH_USER_PATHS = NO;
				ASSETCATALOG_COMPILER_GENERATE_SWIFT_ASSET_SYMBOL_EXTENSIONS = YES;
				CLANG_ANALYZER_NONNULL = YES;
				CLANG_ANALYZER_NUMBER_OBJECT_CONVERSION = YES_AGGRESSIVE;
				CLANG_CXX_LANGUAGE_STANDARD = "gnu++20";
				CLANG_ENABLE_MODULES = YES;
				CLANG_ENABLE_OBJC_ARC = YES;
				CLANG_ENABLE_OBJC_WEAK = YES;
				CLANG_WARN_BLOCK_CAPTURE_AUTORELEASING = YES;
				CLANG_WARN_BOOL_CONVERSION = YES;
				CLANG_WARN_COMMA = YES;
				CLANG_WARN_CONSTANT_CONVERSION = YES;
				CLANG_WARN_DEPRECATED_OBJC_IMPLEMENTATIONS = YES;
				CLANG_WARN_DIRECT_OBJC_ISA_USAGE = YES_ERROR;
				CLANG_WARN_DOCUMENTATION_COMMENTS = YES;
				CLANG_WARN_EMPTY_BODY = YES;
				CLANG_WARN_ENUM_CONVERSION = YES;
				CLANG_WARN_INFINITE_RECURSION = YES;
				CLANG_WARN_INT_CONVERSION = YES;
				CLANG_WARN_NON_LITERAL_NULL_CONVERSION = YES;
				CLANG_WARN_OBJC_IMPLICIT_RETAIN_SELF = YES;
				CLANG_WARN_OBJC_LITERAL_CONVERSION = YES;
				CLANG_WARN_OBJC_ROOT_CLASS = YES_ERROR;
				CLANG_WARN_QUOTED_INCLUDE_IN_FRAMEWORK_HEADER = YES;
				CLANG_WARN_RANGE_LOOP_ANALYSIS = YES;
				CLANG_WARN_STRICT_PROTOTYPES = YES;
				CLANG_WARN_SUSPICIOUS_MOVE = YES;
				CLANG_WARN_UNGUARDED_AVAILABILITY = YES_AGGRESSIVE;
				CLANG_WARN_UNREACHABLE_CODE = YES;
				CLANG_WARN__DUPLICATE_METHOD_MATCH = YES;
				COPY_PHASE_STRIP = NO;
				DEBUG_INFORMATION_FORMAT = dwarf;
				ENABLE_STRICT_OBJC_MSGSEND = YES;
				ENABLE_TESTABILITY = YES;
				ENABLE_USER_SCRIPT_SANDBOXING = YES;
				GCC_C_LANGUAGE_STANDARD = gnu17;
				GCC_DYNAMIC_NO_PIC = NO;
				GCC_NO_COMMON_BLOCKS = YES;
				GCC_OPTIMIZATION_LEVEL = 0;
				GCC_PREPROCESSOR_DEFINITIONS = (
					"DEBUG=1",
					"$(inherited)",
				);
				GCC_WARN_64_TO_32_BIT_CONVERSION = YES;
				GCC_WARN_ABOUT_RETURN_TYPE = YES_ERROR;
				GCC_WARN_UNDECLARED_SELECTOR = YES;
				GCC_WARN_UNINITIALIZED_AUTOS = YES_AGGRESSIVE;
				GCC_WARN_UNUSED_FUNCTION = YES;
				GCC_WARN_UNUSED_VARIABLE = YES;
				IPHONEOS_DEPLOYMENT_TARGET = 17.0;
				LOCALIZATION_PREFERS_STRING_CATALOGS = YES;
				MTL_ENABLE_DEBUG_INFO = INCLUDE_SOURCE;
				MTL_FAST_MATH = YES;
				ONLY_ACTIVE_ARCH = YES;
				SDKROOT = iphoneos;
				SWIFT_ACTIVE_COMPILATION_CONDITIONS = "DEBUG $(inherited)";
				SWIFT_OPTIMIZATION_LEVEL = "-Onone";
			};
			name = Debug;
		};
		F9E548012AE8980300B58689 /* Release */ = {
			isa = XCBuildConfiguration;
			buildSettings = {
				ALWAYS_SEARCH_USER_PATHS = NO;
				ASSETCATALOG_COMPILER_GENERATE_SWIFT_ASSET_SYMBOL_EXTENSIONS = YES;
				CLANG_ANALYZER_NONNULL = YES;
				CLANG_ANALYZER_NUMBER_OBJECT_CONVERSION = YES_AGGRESSIVE;
				CLANG_CXX_LANGUAGE_STANDARD = "gnu++20";
				CLANG_ENABLE_MODULES = YES;
				CLANG_ENABLE_OBJC_ARC = YES;
				CLANG_ENABLE_OBJC_WEAK = YES;
				CLANG_WARN_BLOCK_CAPTURE_AUTORELEASING = YES;
				CLANG_WARN_BOOL_CONVERSION = YES;
				CLANG_WARN_COMMA = YES;
				CLANG_WARN_CONSTANT_CONVERSION = YES;
				CLANG_WARN_DEPRECATED_OBJC_IMPLEMENTATIONS = YES;
				CLANG_WARN_DIRECT_OBJC_ISA_USAGE = YES_ERROR;
				CLANG_WARN_DOCUMENTATION_COMMENTS = YES;
				CLANG_WARN_EMPTY_BODY = YES;
				CLANG_WARN_ENUM_CONVERSION = YES;
				CLANG_WARN_INFINITE_RECURSION = YES;
				CLANG_WARN_INT_CONVERSION = YES;
				CLANG_WARN_NON_LITERAL_NULL_CONVERSION = YES;
				CLANG_WARN_OBJC_IMPLICIT_RETAIN_SELF = YES;
				CLANG_WARN_OBJC_LITERAL_CONVERSION = YES;
				CLANG_WARN_OBJC_ROOT_CLASS = YES_ERROR;
				CLANG_WARN_QUOTED_INCLUDE_IN_FRAMEWORK_HEADER = YES;
				CLANG_WARN_RANGE_LOOP_ANALYSIS = YES;
				CLANG_WARN_STRICT_PROTOTYPES = YES;
				CLANG_WARN_SUSPICIOUS_MOVE = YES;
				CLANG_WARN_UNGUARDED_AVAILABILITY = YES_AGGRESSIVE;
				CLANG_WARN_UNREACHABLE_CODE = YES;
				CLANG_WARN__DUPLICATE_METHOD_MATCH = YES;
				COPY_PHASE_STRIP = NO;
				DEBUG_INFORMATION_FORMAT = "dwarf-with-dsym";
				ENABLE_NS_ASSERTIONS = NO;
				ENABLE_STRICT_OBJC_MSGSEND = YES;
				ENABLE_USER_SCRIPT_SANDBOXING = YES;
				GCC_C_LANGUAGE_STANDARD = gnu17;
				GCC_NO_COMMON_BLOCKS = YES;
				GCC_WARN_64_TO_32_BIT_CONVERSION = YES;
				GCC_WARN_ABOUT_RETURN_TYPE = YES_ERROR;
				GCC_WARN_UNDECLARED_SELECTOR = YES;
				GCC_WARN_UNINITIALIZED_AUTOS = YES_AGGRESSIVE;
				GCC_WARN_UNUSED_FUNCTION = YES;
				GCC_WARN_UNUSED_VARIABLE = YES;
				IPHONEOS_DEPLOYMENT_TARGET = 17.0;
				LOCALIZATION_PREFERS_STRING_CATALOGS = YES;
				MTL_ENABLE_DEBUG_INFO = NO;
				MTL_FAST_MATH = YES;
				SDKROOT = iphoneos;
				SWIFT_COMPILATION_MODE = wholemodule;
				VALIDATE_PRODUCT = YES;
			};
			name = Release;
		};
		F9E548032AE8980300B58689 /* Debug */ = {
			isa = XCBuildConfiguration;
			buildSettings = {
				ASSETCATALOG_COMPILER_APPICON_NAME = AppIcon;
				ASSETCATALOG_COMPILER_GLOBAL_ACCENT_COLOR_NAME = AccentColor;
				CODE_SIGN_STYLE = Automatic;
				CURRENT_PROJECT_VERSION = 1;
				DEVELOPMENT_ASSET_PATHS = "\"PelotonAutomation/Preview Content\"";
				ENABLE_PREVIEWS = YES;
				GENERATE_INFOPLIST_FILE = YES;
				INFOPLIST_KEY_UIApplicationSceneManifest_Generation = YES;
				INFOPLIST_KEY_UIApplicationSupportsIndirectInputEvents = YES;
				INFOPLIST_KEY_UILaunchScreen_Generation = YES;
				INFOPLIST_KEY_UISupportedInterfaceOrientations_iPad = "UIInterfaceOrientationPortrait UIInterfaceOrientationPortraitUpsideDown UIInterfaceOrientationLandscapeLeft UIInterfaceOrientationLandscapeRight";
				INFOPLIST_KEY_UISupportedInterfaceOrientations_iPhone = "UIInterfaceOrientationPortrait UIInterfaceOrientationLandscapeLeft UIInterfaceOrientationLandscapeRight";
				LD_RUNPATH_SEARCH_PATHS = (
					"$(inherited)",
					"@executable_path/Frameworks",
				);
				MARKETING_VERSION = 1.0;
				PRODUCT_BUNDLE_IDENTIFIER = com.onepeloton.PelotonAutomation;
				PRODUCT_NAME = "$(TARGET_NAME)";
				SWIFT_EMIT_LOC_STRINGS = YES;
				SWIFT_VERSION = 5.0;
				TARGETED_DEVICE_FAMILY = "1,2";
			};
			name = Debug;
		};
		F9E548042AE8980300B58689 /* Release */ = {
			isa = XCBuildConfiguration;
			buildSettings = {
				ASSETCATALOG_COMPILER_APPICON_NAME = AppIcon;
				ASSETCATALOG_COMPILER_GLOBAL_ACCENT_COLOR_NAME = AccentColor;
				CODE_SIGN_STYLE = Automatic;
				CURRENT_PROJECT_VERSION = 1;
				DEVELOPMENT_ASSET_PATHS = "\"PelotonAutomation/Preview Content\"";
				ENABLE_PREVIEWS = YES;
				GENERATE_INFOPLIST_FILE = YES;
				INFOPLIST_KEY_UIApplicationSceneManifest_Generation = YES;
				INFOPLIST_KEY_UIApplicationSupportsIndirectInputEvents = YES;
				INFOPLIST_KEY_UILaunchScreen_Generation = YES;
				INFOPLIST_KEY_UISupportedInterfaceOrientations_iPad = "UIInterfaceOrientationPortrait UIInterfaceOrientationPortraitUpsideDown UIInterfaceOrientationLandscapeLeft UIInterfaceOrientationLandscapeRight";
				INFOPLIST_KEY_UISupportedInterfaceOrientations_iPhone = "UIInterfaceOrientationPortrait UIInterfaceOrientationLandscapeLeft UIInterfaceOrientationLandscapeRight";
				LD_RUNPATH_SEARCH_PATHS = (
					"$(inherited)",
					"@executable_path/Frameworks",
				);
				MARKETING_VERSION = 1.0;
				PRODUCT_BUNDLE_IDENTIFIER = com.onepeloton.PelotonAutomation;
				PRODUCT_NAME = "$(TARGET_NAME)";
				SWIFT_EMIT_LOC_STRINGS = YES;
				SWIFT_VERSION = 5.0;
				TARGETED_DEVICE_FAMILY = "1,2";
			};
			name = Release;
		};
		F9E548092AE8980300B58689 /* Debug */ = {
			isa = XCBuildConfiguration;
			buildSettings = {
				ALWAYS_EMBED_SWIFT_STANDARD_LIBRARIES = YES;
				CODE_SIGN_STYLE = Automatic;
				CURRENT_PROJECT_VERSION = 1;
				GENERATE_INFOPLIST_FILE = YES;
				MARKETING_VERSION = 1.0;
				PRODUCT_BUNDLE_IDENTIFIER = com.onepeloton.PelotonAutomationUITests;
				PRODUCT_NAME = "$(TARGET_NAME)";
				SWIFT_EMIT_LOC_STRINGS = NO;
				SWIFT_VERSION = 5.0;
				TARGETED_DEVICE_FAMILY = "1,2";
				TEST_TARGET_NAME = PelotonAutomation;
			};
			name = Debug;
		};
		F9E5480A2AE8980300B58689 /* Release */ = {
			isa = XCBuildConfiguration;
			buildSettings = {
				ALWAYS_EMBED_SWIFT_STANDARD_LIBRARIES = YES;
				CODE_SIGN_STYLE = Automatic;
				CURRENT_PROJECT_VERSION = 1;
				GENERATE_INFOPLIST_FILE = YES;
				MARKETING_VERSION = 1.0;
				PRODUCT_BUNDLE_IDENTIFIER = com.onepeloton.PelotonAutomationUITests;
				PRODUCT_NAME = "$(TARGET_NAME)";
				SWIFT_EMIT_LOC_STRINGS = NO;
				SWIFT_VERSION = 5.0;
				TARGETED_DEVICE_FAMILY = "1,2";
				TEST_TARGET_NAME = PelotonAutomation;
			};
			name = Release;
		};
/* End XCBuildConfiguration section */

/* Begin XCConfigurationList section */
		90C374922B570D4600C747C9 /* Build configuration list for PBXNativeTarget "PelotonUnitTests" */ = {
			isa = XCConfigurationList;
			buildConfigurations = (
				90C374902B570D4600C747C9 /* Debug */,
				90C374912B570D4600C747C9 /* Release */,
			);
			defaultConfigurationIsVisible = 0;
			defaultConfigurationName = Release;
		};
		F9E547D92AE8980200B58689 /* Build configuration list for PBXProject "PelotonAutomation" */ = {
			isa = XCConfigurationList;
			buildConfigurations = (
				F9E548002AE8980300B58689 /* Debug */,
				F9E548012AE8980300B58689 /* Release */,
			);
			defaultConfigurationIsVisible = 0;
			defaultConfigurationName = Release;
		};
		F9E548022AE8980300B58689 /* Build configuration list for PBXNativeTarget "PelotonAutomation" */ = {
			isa = XCConfigurationList;
			buildConfigurations = (
				F9E548032AE8980300B58689 /* Debug */,
				F9E548042AE8980300B58689 /* Release */,
			);
			defaultConfigurationIsVisible = 0;
			defaultConfigurationName = Release;
		};
		F9E548082AE8980300B58689 /* Build configuration list for PBXNativeTarget "PelotonAutomationUITests" */ = {
			isa = XCConfigurationList;
			buildConfigurations = (
				F9E548092AE8980300B58689 /* Debug */,
				F9E5480A2AE8980300B58689 /* Release */,
			);
			defaultConfigurationIsVisible = 0;
			defaultConfigurationName = Release;
		};
/* End XCConfigurationList section */
	};
	rootObject = F9E547D62AE8980200B58689 /* Project object */;
}
